
Microsoft Visual Studio Solution File, Format Version 12.00
# Visual Studio Version 17
VisualStudioVersion = 17.1.32414.318
MinimumVisualStudioVersion = 10.0.40219.1
Project("{2150E333-8FDC-42A3-9474-1A3956D46DE8}") = "src", "src", "{22E871DE-F84B-43A9-A066-73E976AAD91B}"
EndProject
Project("{2150E333-8FDC-42A3-9474-1A3956D46DE8}") = "tests", "tests", "{1F5B5242-5C3F-4A0C-94B9-E3888FCBCEFC}"
EndProject
Project("{9A19103F-16F7-4668-BE54-9A1E7A4F7556}") = "BookStore.Entities", "BookStore.Entities\BookStore.Entities.csproj", "{78E06AC6-07A0-476A-960B-E5C25B71DBE2}"
EndProject
Project("{FAE04EC0-301F-11D3-BF4B-00C04F79EFBC}") = "BookStore.Migrations", "BookStore.Migrations\BookStore.Migrations.csproj", "{FEC6B3AB-8F3B-46CB-AEBE-7F07E4059A20}"
EndProject
Project("{FAE04EC0-301F-11D3-BF4B-00C04F79EFBC}") = "BookStore.Infrastructure", "BookStore.Infrastructure\BookStore.Infrastructure.csproj", "{DC90D089-06A8-497E-980E-ED61AD282C03}"
EndProject
Project("{FAE04EC0-301F-11D3-BF4B-00C04F79EFBC}") = "BookStore.Persistence.EF", "BookStore.Persistence.EF\BookStore.Persistence.EF.csproj", "{3CBDAF92-550F-4BDA-9C5D-D9B9AA6F4BE7}"
EndProject
Project("{FAE04EC0-301F-11D3-BF4B-00C04F79EFBC}") = "BookStore.Services", "BookStore.Services\BookStore.Services.csproj", "{C73FC65B-9505-4F01-8B61-9416709DBF3E}"
EndProject
Project("{FAE04EC0-301F-11D3-BF4B-00C04F79EFBC}") = "BookStore.RestAPI", "BookStore.RestAPI\BookStore.RestAPI.csproj", "{E6FF2D4F-A2C8-4E19-818A-EB62AC29C01F}"
EndProject
Global
	GlobalSection(SolutionConfigurationPlatforms) = preSolution
		Debug|Any CPU = Debug|Any CPU
		Release|Any CPU = Release|Any CPU
	EndGlobalSection
	GlobalSection(ProjectConfigurationPlatforms) = postSolution
		{78E06AC6-07A0-476A-960B-E5C25B71DBE2}.Debug|Any CPU.ActiveCfg = Debug|Any CPU
		{78E06AC6-07A0-476A-960B-E5C25B71DBE2}.Debug|Any CPU.Build.0 = Debug|Any CPU
		{78E06AC6-07A0-476A-960B-E5C25B71DBE2}.Release|Any CPU.ActiveCfg = Release|Any CPU
		{78E06AC6-07A0-476A-960B-E5C25B71DBE2}.Release|Any CPU.Build.0 = Release|Any CPU
		{FEC6B3AB-8F3B-46CB-AEBE-7F07E4059A20}.Debug|Any CPU.ActiveCfg = Debug|Any CPU
		{FEC6B3AB-8F3B-46CB-AEBE-7F07E4059A20}.Debug|Any CPU.Build.0 = Debug|Any CPU
		{FEC6B3AB-8F3B-46CB-AEBE-7F07E4059A20}.Release|Any CPU.ActiveCfg = Release|Any CPU
		{FEC6B3AB-8F3B-46CB-AEBE-7F07E4059A20}.Release|Any CPU.Build.0 = Release|Any CPU
		{DC90D089-06A8-497E-980E-ED61AD282C03}.Debug|Any CPU.ActiveCfg = Debug|Any CPU
		{DC90D089-06A8-497E-980E-ED61AD282C03}.Debug|Any CPU.Build.0 = Debug|Any CPU
		{DC90D089-06A8-497E-980E-ED61AD282C03}.Release|Any CPU.ActiveCfg = Release|Any CPU
		{DC90D089-06A8-497E-980E-ED61AD282C03}.Release|Any CPU.Build.0 = Release|Any CPU
		{3CBDAF92-550F-4BDA-9C5D-D9B9AA6F4BE7}.Debug|Any CPU.ActiveCfg = Debug|Any CPU
		{3CBDAF92-550F-4BDA-9C5D-D9B9AA6F4BE7}.Debug|Any CPU.Build.0 = Debug|Any CPU
		{3CBDAF92-550F-4BDA-9C5D-D9B9AA6F4BE7}.Release|Any CPU.ActiveCfg = Release|Any CPU
		{3CBDAF92-550F-4BDA-9C5D-D9B9AA6F4BE7}.Release|Any CPU.Build.0 = Release|Any CPU
		{C73FC65B-9505-4F01-8B61-9416709DBF3E}.Debug|Any CPU.ActiveCfg = Debug|Any CPU
		{C73FC65B-9505-4F01-8B61-9416709DBF3E}.Debug|Any CPU.Build.0 = Debug|Any CPU
		{C73FC65B-9505-4F01-8B61-9416709DBF3E}.Release|Any CPU.ActiveCfg = Release|Any CPU
		{C73FC65B-9505-4F01-8B61-9416709DBF3E}.Release|Any CPU.Build.0 = Release|Any CPU
		{E6FF2D4F-A2C8-4E19-818A-EB62AC29C01F}.Debug|Any CPU.ActiveCfg = Debug|Any CPU
		{E6FF2D4F-A2C8-4E19-818A-EB62AC29C01F}.Debug|Any CPU.Build.0 = Debug|Any CPU
		{E6FF2D4F-A2C8-4E19-818A-EB62AC29C01F}.Release|Any CPU.ActiveCfg = Release|Any CPU
		{E6FF2D4F-A2C8-4E19-818A-EB62AC29C01F}.Release|Any CPU.Build.0 = Release|Any CPU
	EndGlobalSection
	GlobalSection(SolutionProperties) = preSolution
		HideSolutionNode = FALSE
	EndGlobalSection
	GlobalSection(NestedProjects) = preSolution
		{78E06AC6-07A0-476A-960B-E5C25B71DBE2} = {22E871DE-F84B-43A9-A066-73E976AAD91B}
		{FEC6B3AB-8F3B-46CB-AEBE-7F07E4059A20} = {22E871DE-F84B-43A9-A066-73E976AAD91B}
		{DC90D089-06A8-497E-980E-ED61AD282C03} = {22E871DE-F84B-43A9-A066-73E976AAD91B}
		{3CBDAF92-550F-4BDA-9C5D-D9B9AA6F4BE7} = {22E871DE-F84B-43A9-A066-73E976AAD91B}
		{C73FC65B-9505-4F01-8B61-9416709DBF3E} = {22E871DE-F84B-43A9-A066-73E976AAD91B}
		{E6FF2D4F-A2C8-4E19-818A-EB62AC29C01F} = {22E871DE-F84B-43A9-A066-73E976AAD91B}
	EndGlobalSection
	GlobalSection(ExtensibilityGlobals) = postSolution
		SolutionGuid = {4C23DCCE-DBD1-4DCF-B347-F29C6FEF66CC}
	EndGlobalSection
EndGlobal
